{
  "name": "web",
  "lockfileVersion": 2,
  "requires": true,
  "packages": {
    "": {
      "dependencies": {
        "@types/jquery": "^3.5.1"
      }
    },
    "node_modules/@types/jquery": {
      "version": "3.5.1",
      "resolved": "https://artifactory.zipcar.com/artifactory/api/npm/zipcar-npm/@types/jquery/-/jquery-3.5.1.tgz",
      "integrity": "sha1-zrsFes9QccQOQ58w6EDFejDUBsM=",
      "dependencies": {
        "@types/sizzle": "*"
      }
    },
    "node_modules/@types/sizzle": {
      "version": "2.3.2",
      "resolved": "https://artifactory.zipcar.com/artifactory/api/npm/zipcar-npm/@types/sizzle/-/sizzle-2.3.2.tgz",
      "integrity": "sha1-qBG4wY4rq6t9VCszZYh64uTZ3kc="
    }
  },
  "dependencies": {
    "@types/jquery": {
      "version": "3.5.1",
      "resolved": "https://artifactory.zipcar.com/artifactory/api/npm/zipcar-npm/@types/jquery/-/jquery-3.5.1.tgz",
      "integrity": "sha1-zrsFes9QccQOQ58w6EDFejDUBsM=",
      "requires": {
        "@types/sizzle": "*"
      }
    },
    "@types/sizzle": {
      "version": "2.3.2",
      "resolved": "https://artifactory.zipcar.com/artifactory/api/npm/zipcar-npm/@types/sizzle/-/sizzle-2.3.2.tgz",
      "integrity": "sha1-qBG4wY4rq6t9VCszZYh64uTZ3kc="
    }
  }
}
